
Microsoft Visual Studio Solution File, Format Version 12.00
# Visual Studio Version 17
VisualStudioVersion = 17.14.36429.23 d17.14
MinimumVisualStudioVersion = 10.0.40219.1
Project("{FAE04EC0-301F-11D3-BF4B-00C04F79EFBC}") = "Clean_Room", "Clean_Room.csproj", "{824281CE-C46E-39B5-889C-95F70DE4C8AD}"
EndProject
Global
	GlobalSection(SolutionConfigurationPlatforms) = preSolution
		Debug|Any CPU = Debug|Any CPU
		Release|Any CPU = Release|Any CPU
	EndGlobalSection
	GlobalSection(ProjectConfigurationPlatforms) = postSolution
		{824281CE-C46E-39B5-889C-95F70DE4C8AD}.Debug|Any CPU.ActiveCfg = Debug|Any CPU
		{824281CE-C46E-39B5-889C-95F70DE4C8AD}.Debug|Any CPU.Build.0 = Debug|Any CPU
		{824281CE-C46E-39B5-889C-95F70DE4C8AD}.Release|Any CPU.ActiveCfg = Release|Any CPU
		{824281CE-C46E-39B5-889C-95F70DE4C8AD}.Release|Any CPU.Build.0 = Release|Any CPU
	EndGlobalSection
	GlobalSection(SolutionProperties) = preSolution
		HideSolutionNode = FALSE
	EndGlobalSection
	GlobalSection(ExtensibilityGlobals) = postSolution
		SolutionGuid = {FE795479-A6C8-44AC-97E9-3A9E65E2A702}
	EndGlobalSection
EndGlobal
